# This file is @generated by vanic.
# It is not intended for manual editing.
version = 1

[[package]]
name = "ml"
version = "0.1.0"

[[package]]
name = "matrix"
version = "0.2.0"
source = "local"
direct = false
root-path = "\\?\C:\Users\upaas\vani-probability\vendor\matrix"

[[package]]
name = "optimize"
version = "0.1.4"
source = "local"
direct = true
path = "../vani-optimize"
version-req = "^0.1.4"

[[package]]
name = "probability"
version = "0.4.6"
source = "local"
direct = true
path = "../vani-probability"
version-req = "^0.4.2"
